
Microsoft Visual Studio Solution File, Format Version 12.00
# Visual Studio Version 17
VisualStudioVersion = 17.0.31903.59
MinimumVisualStudioVersion = 10.0.40219.1
Project("{FAE04EC0-301F-11D3-BF4B-00C04F79EFBC}") = "CareerMap.Recommendations.Api", "CareerMap.Recommendations.Api\CareerMap.Recommendations.Api.csproj", "{6898A1F2-1C7D-4125-9C39-A2AF0AB9898A}"
EndProject
Project("{FAE04EC0-301F-11D3-BF4B-00C04F79EFBC}") = "CareerMap.Recommendations.Domain", "CareerMap.Recommendations.Domain\CareerMap.Recommendations.Domain.csproj", "{807DA8F0-87AA-463B-AD07-54D8FAE3E37F}"
EndProject
Project("{FAE04EC0-301F-11D3-BF4B-00C04F79EFBC}") = "CareerMap.Recommendations.Infrastructure", "CareerMap.Recommendations.Infrastructure\CareerMap.Recommendations.Infrastructure.csproj", "{193E4066-D5DF-478A-B80E-05236092DAFB}"
EndProject
Global
	GlobalSection(SolutionConfigurationPlatforms) = preSolution
		Debug|Any CPU = Debug|Any CPU
		Release|Any CPU = Release|Any CPU
	EndGlobalSection
	GlobalSection(SolutionProperties) = preSolution
		HideSolutionNode = FALSE
	EndGlobalSection
	GlobalSection(ProjectConfigurationPlatforms) = postSolution
		{6898A1F2-1C7D-4125-9C39-A2AF0AB9898A}.Debug|Any CPU.ActiveCfg = Debug|Any CPU
		{6898A1F2-1C7D-4125-9C39-A2AF0AB9898A}.Debug|Any CPU.Build.0 = Debug|Any CPU
		{6898A1F2-1C7D-4125-9C39-A2AF0AB9898A}.Release|Any CPU.ActiveCfg = Release|Any CPU
		{6898A1F2-1C7D-4125-9C39-A2AF0AB9898A}.Release|Any CPU.Build.0 = Release|Any CPU
		{807DA8F0-87AA-463B-AD07-54D8FAE3E37F}.Debug|Any CPU.ActiveCfg = Debug|Any CPU
		{807DA8F0-87AA-463B-AD07-54D8FAE3E37F}.Debug|Any CPU.Build.0 = Debug|Any CPU
		{807DA8F0-87AA-463B-AD07-54D8FAE3E37F}.Release|Any CPU.ActiveCfg = Release|Any CPU
		{807DA8F0-87AA-463B-AD07-54D8FAE3E37F}.Release|Any CPU.Build.0 = Release|Any CPU
		{193E4066-D5DF-478A-B80E-05236092DAFB}.Debug|Any CPU.ActiveCfg = Debug|Any CPU
		{193E4066-D5DF-478A-B80E-05236092DAFB}.Debug|Any CPU.Build.0 = Debug|Any CPU
		{193E4066-D5DF-478A-B80E-05236092DAFB}.Release|Any CPU.ActiveCfg = Release|Any CPU
		{193E4066-D5DF-478A-B80E-05236092DAFB}.Release|Any CPU.Build.0 = Release|Any CPU
	EndGlobalSection
EndGlobal
